
Microsoft Visual Studio Solution File, Format Version 12.00
# Visual Studio Version 17
VisualStudioVersion = 17.9.34728.123
MinimumVisualStudioVersion = 10.0.40219.1
Project("{2150E333-8FDC-42A3-9474-1A3956D46DE8}") = "Task0", "Task0", "{F8311546-73D0-426D-927B-EAACE7B13E17}"
EndProject
Project("{9A19103F-16F7-4668-BE54-9A1E7A4F7556}") = "Tyuiu.KurbanovFA.Sprint4.Task0.V19", "Tyuiu.KurbanovFA.Sprint4.Task0.V19\Tyuiu.KurbanovFA.Sprint4.Task0.V19.csproj", "{556C70D8-837C-4EEF-8C95-F57E1E5B38FD}"
EndProject
Project("{9A19103F-16F7-4668-BE54-9A1E7A4F7556}") = "Tyuiu.KurbanovFA.Sprint4.Task0.V19.Lib", "Tyuiu.KurbanovFA.Sprint4.Task0.V19.Lib\Tyuiu.KurbanovFA.Sprint4.Task0.V19.Lib.csproj", "{53017A45-BA6F-4BE7-9F5F-A3FE6837A806}"
EndProject
Project("{9A19103F-16F7-4668-BE54-9A1E7A4F7556}") = "Tyuiu.KurbanovFA.Sprint4.Task0.V19.Test", "Tyuiu.KurbanovFA.Sprint4.Task0.V19.Test\Tyuiu.KurbanovFA.Sprint4.Task0.V19.Test.csproj", "{473D297A-80EC-40D2-A553-8D2ED6DEE5AE}"
EndProject
Project("{2150E333-8FDC-42A3-9474-1A3956D46DE8}") = "Task1", "Task1", "{391D5796-78EA-4D64-BCE2-CEDBA536C432}"
EndProject
Project("{FAE04EC0-301F-11D3-BF4B-00C04F79EFBC}") = "Tyuiu.KurbanovFA.Sprint4.Task1.V17", "Tyuiu.KurbanovFA.Sprint4.Task1.V17\Tyuiu.KurbanovFA.Sprint4.Task1.V17.csproj", "{6AEC5D2B-958F-4205-A9BF-BA598E302EA5}"
EndProject
Project("{FAE04EC0-301F-11D3-BF4B-00C04F79EFBC}") = "Tyuiu.KurbanovFA.Sprint4.Task1.V17.Lib", "Tyuiu.KurbanovFA.Sprint4.Task1.V17.Lib\Tyuiu.KurbanovFA.Sprint4.Task1.V17.Lib.csproj", "{8044F38B-EB51-442F-87BE-E3AED9FC4566}"
EndProject
Project("{FAE04EC0-301F-11D3-BF4B-00C04F79EFBC}") = "Tyuiu.KurbanovFA.Sprint4.Task1.V17.Test", "Tyuiu.KurbanovFA.Sprint4.Task1.V17.Test\Tyuiu.KurbanovFA.Sprint4.Task1.V17.Test.csproj", "{59CE151A-E3B9-4E13-8535-CA050363B0B8}"
EndProject
Project("{2150E333-8FDC-42A3-9474-1A3956D46DE8}") = "Task2", "Task2", "{D9B3062A-CF57-4EBD-B7E6-203E4204CDC3}"
EndProject
Project("{FAE04EC0-301F-11D3-BF4B-00C04F79EFBC}") = "Tyuiu.KurbanovFA.Sprint4.Task2.V16", "Tyuiu.KurbanovFA.Sprint4.Task2.V16\Tyuiu.KurbanovFA.Sprint4.Task2.V16.csproj", "{DE48105B-BD28-4748-BC0D-DF7D13451D26}"
EndProject
Project("{FAE04EC0-301F-11D3-BF4B-00C04F79EFBC}") = "Tyuiu.KurbanovFA.Sprint4.Task2.V16.Lib", "Tyuiu.KurbanovFA.Sprint4.Task2.V16.Lib\Tyuiu.KurbanovFA.Sprint4.Task2.V16.Lib.csproj", "{3C0D5753-AF13-4685-8864-CDDF12311DF0}"
EndProject
Project("{FAE04EC0-301F-11D3-BF4B-00C04F79EFBC}") = "Tyuiu.KurbanovFA.Sprint4.Task2.V16.Test", "Tyuiu.KurbanovFA.Sprint4.Task2.V16.Test\Tyuiu.KurbanovFA.Sprint4.Task2.V16.Test.csproj", "{9E04711A-6F93-40CA-9B1F-C729B580AB86}"
EndProject
Project("{2150E333-8FDC-42A3-9474-1A3956D46DE8}") = "Task3", "Task3", "{797874CB-CCDE-4B9E-B5EF-007400F10F63}"
EndProject
Project("{FAE04EC0-301F-11D3-BF4B-00C04F79EFBC}") = "Tyuiu.KurbanovFA.Sprint4.Task3.V28", "Tyuiu.KurbanovFA.Sprint4.Task3.V28\Tyuiu.KurbanovFA.Sprint4.Task3.V28.csproj", "{3A41327E-8797-4033-AE9B-087EF67F0862}"
EndProject
Project("{FAE04EC0-301F-11D3-BF4B-00C04F79EFBC}") = "Tyuiu.KurbanovFA.Sprint4.Task3.V28.Lib", "Tyuiu.KurbanovFA.Sprint4.Task3.V28.Lib\Tyuiu.KurbanovFA.Sprint4.Task3.V28.Lib.csproj", "{2DD33672-BE20-4EC8-9B6D-C90C4794901A}"
EndProject
Project("{FAE04EC0-301F-11D3-BF4B-00C04F79EFBC}") = "Tyuiu.KurbanovFA.Sprint4.Task3.V28.Test", "Tyuiu.KurbanovFA.Sprint4.Task3.V28.Test\Tyuiu.KurbanovFA.Sprint4.Task3.V28.Test.csproj", "{2CC057B1-A06E-4287-A236-E5700B0B525F}"
EndProject
Project("{2150E333-8FDC-42A3-9474-1A3956D46DE8}") = "Task4", "Task4", "{F1490C46-F3D5-4670-AF1A-60FF4EF3D7FE}"
EndProject
Project("{FAE04EC0-301F-11D3-BF4B-00C04F79EFBC}") = "Tyuiu.KurbanovFA.Sprint4.Task4.V9", "Tyuiu.KurbanovFA.Sprint4.Task4.V9\Tyuiu.KurbanovFA.Sprint4.Task4.V9.csproj", "{9A5FEDE4-6C0E-4077-A60E-02844DC99BFA}"
EndProject
Project("{FAE04EC0-301F-11D3-BF4B-00C04F79EFBC}") = "Tyuiu.KurbanovFA.Sprint4.Task4.V9.Lib", "Tyuiu.KurbanovFA.Sprint4.Task4.V9.Lib\Tyuiu.KurbanovFA.Sprint4.Task4.V9.Lib.csproj", "{504F731E-F0A8-4B10-BCF7-F2E71E4DA0EC}"
EndProject
Project("{FAE04EC0-301F-11D3-BF4B-00C04F79EFBC}") = "Tyuiu.KurbanovFA.Sprint4.Task4.V9.Test", "Tyuiu.KurbanovFA.Sprint4.Task4.V9.Test\Tyuiu.KurbanovFA.Sprint4.Task4.V9.Test.csproj", "{E3E61546-C87E-4225-A361-D8B04A5CB1A1}"
EndProject
Project("{2150E333-8FDC-42A3-9474-1A3956D46DE8}") = "Task5", "Task5", "{21F6742A-C646-442F-8C1C-9B4A5631C743}"
EndProject
Project("{FAE04EC0-301F-11D3-BF4B-00C04F79EFBC}") = "Tyuiu.KurbanovFA.Sprint4.Task5.V27", "Tyuiu.KurbanovFA.Sprint4.Task5.V27\Tyuiu.KurbanovFA.Sprint4.Task5.V27.csproj", "{F6D0E1B0-36E7-4B56-9CB1-1089C4EA754B}"
EndProject
Project("{FAE04EC0-301F-11D3-BF4B-00C04F79EFBC}") = "Tyuiu.KurbanovFA.Sprint4.Task5.V27.Lib", "Tyuiu.KurbanovFA.Sprint4.Task5.V27.Lib\Tyuiu.KurbanovFA.Sprint4.Task5.V27.Lib.csproj", "{2DA2D6DD-00AC-4DF1-80D3-ACFE40601433}"
EndProject
Project("{FAE04EC0-301F-11D3-BF4B-00C04F79EFBC}") = "Tyuiu.KurbanovFA.Sprint4.Task5.V27.Test", "Tyuiu.KurbanovFA.Sprint4.Task5.V27.Test\Tyuiu.KurbanovFA.Sprint4.Task5.V27.Test.csproj", "{8A5ED60D-1781-422F-9355-5A05CD426D2D}"
EndProject
Global
	GlobalSection(SolutionConfigurationPlatforms) = preSolution
		Debug|Any CPU = Debug|Any CPU
		Release|Any CPU = Release|Any CPU
	EndGlobalSection
	GlobalSection(ProjectConfigurationPlatforms) = postSolution
		{556C70D8-837C-4EEF-8C95-F57E1E5B38FD}.Debug|Any CPU.ActiveCfg = Debug|Any CPU
		{556C70D8-837C-4EEF-8C95-F57E1E5B38FD}.Debug|Any CPU.Build.0 = Debug|Any CPU
		{556C70D8-837C-4EEF-8C95-F57E1E5B38FD}.Release|Any CPU.ActiveCfg = Release|Any CPU
		{556C70D8-837C-4EEF-8C95-F57E1E5B38FD}.Release|Any CPU.Build.0 = Release|Any CPU
		{53017A45-BA6F-4BE7-9F5F-A3FE6837A806}.Debug|Any CPU.ActiveCfg = Debug|Any CPU
		{53017A45-BA6F-4BE7-9F5F-A3FE6837A806}.Debug|Any CPU.Build.0 = Debug|Any CPU
		{53017A45-BA6F-4BE7-9F5F-A3FE6837A806}.Release|Any CPU.ActiveCfg = Release|Any CPU
		{53017A45-BA6F-4BE7-9F5F-A3FE6837A806}.Release|Any CPU.Build.0 = Release|Any CPU
		{473D297A-80EC-40D2-A553-8D2ED6DEE5AE}.Debug|Any CPU.ActiveCfg = Debug|Any CPU
		{473D297A-80EC-40D2-A553-8D2ED6DEE5AE}.Debug|Any CPU.Build.0 = Debug|Any CPU
		{473D297A-80EC-40D2-A553-8D2ED6DEE5AE}.Release|Any CPU.ActiveCfg = Release|Any CPU
		{473D297A-80EC-40D2-A553-8D2ED6DEE5AE}.Release|Any CPU.Build.0 = Release|Any CPU
		{6AEC5D2B-958F-4205-A9BF-BA598E302EA5}.Debug|Any CPU.ActiveCfg = Debug|Any CPU
		{6AEC5D2B-958F-4205-A9BF-BA598E302EA5}.Debug|Any CPU.Build.0 = Debug|Any CPU
		{6AEC5D2B-958F-4205-A9BF-BA598E302EA5}.Release|Any CPU.ActiveCfg = Release|Any CPU
		{6AEC5D2B-958F-4205-A9BF-BA598E302EA5}.Release|Any CPU.Build.0 = Release|Any CPU
		{8044F38B-EB51-442F-87BE-E3AED9FC4566}.Debug|Any CPU.ActiveCfg = Debug|Any CPU
		{8044F38B-EB51-442F-87BE-E3AED9FC4566}.Debug|Any CPU.Build.0 = Debug|Any CPU
		{8044F38B-EB51-442F-87BE-E3AED9FC4566}.Release|Any CPU.ActiveCfg = Release|Any CPU
		{8044F38B-EB51-442F-87BE-E3AED9FC4566}.Release|Any CPU.Build.0 = Release|Any CPU
		{59CE151A-E3B9-4E13-8535-CA050363B0B8}.Debug|Any CPU.ActiveCfg = Debug|Any CPU
		{59CE151A-E3B9-4E13-8535-CA050363B0B8}.Debug|Any CPU.Build.0 = Debug|Any CPU
		{59CE151A-E3B9-4E13-8535-CA050363B0B8}.Release|Any CPU.ActiveCfg = Release|Any CPU
		{59CE151A-E3B9-4E13-8535-CA050363B0B8}.Release|Any CPU.Build.0 = Release|Any CPU
		{DE48105B-BD28-4748-BC0D-DF7D13451D26}.Debug|Any CPU.ActiveCfg = Debug|Any CPU
		{DE48105B-BD28-4748-BC0D-DF7D13451D26}.Debug|Any CPU.Build.0 = Debug|Any CPU
		{DE48105B-BD28-4748-BC0D-DF7D13451D26}.Release|Any CPU.ActiveCfg = Release|Any CPU
		{DE48105B-BD28-4748-BC0D-DF7D13451D26}.Release|Any CPU.Build.0 = Release|Any CPU
		{3C0D5753-AF13-4685-8864-CDDF12311DF0}.Debug|Any CPU.ActiveCfg = Debug|Any CPU
		{3C0D5753-AF13-4685-8864-CDDF12311DF0}.Debug|Any CPU.Build.0 = Debug|Any CPU
		{3C0D5753-AF13-4685-8864-CDDF12311DF0}.Release|Any CPU.ActiveCfg = Release|Any CPU
		{3C0D5753-AF13-4685-8864-CDDF12311DF0}.Release|Any CPU.Build.0 = Release|Any CPU
		{9E04711A-6F93-40CA-9B1F-C729B580AB86}.Debug|Any CPU.ActiveCfg = Debug|Any CPU
		{9E04711A-6F93-40CA-9B1F-C729B580AB86}.Debug|Any CPU.Build.0 = Debug|Any CPU
		{9E04711A-6F93-40CA-9B1F-C729B580AB86}.Release|Any CPU.ActiveCfg = Release|Any CPU
		{9E04711A-6F93-40CA-9B1F-C729B580AB86}.Release|Any CPU.Build.0 = Release|Any CPU
		{3A41327E-8797-4033-AE9B-087EF67F0862}.Debug|Any CPU.ActiveCfg = Debug|Any CPU
		{3A41327E-8797-4033-AE9B-087EF67F0862}.Debug|Any CPU.Build.0 = Debug|Any CPU
		{3A41327E-8797-4033-AE9B-087EF67F0862}.Release|Any CPU.ActiveCfg = Release|Any CPU
		{3A41327E-8797-4033-AE9B-087EF67F0862}.Release|Any CPU.Build.0 = Release|Any CPU
		{2DD33672-BE20-4EC8-9B6D-C90C4794901A}.Debug|Any CPU.ActiveCfg = Debug|Any CPU
		{2DD33672-BE20-4EC8-9B6D-C90C4794901A}.Debug|Any CPU.Build.0 = Debug|Any CPU
		{2DD33672-BE20-4EC8-9B6D-C90C4794901A}.Release|Any CPU.ActiveCfg = Release|Any CPU
		{2DD33672-BE20-4EC8-9B6D-C90C4794901A}.Release|Any CPU.Build.0 = Release|Any CPU
		{2CC057B1-A06E-4287-A236-E5700B0B525F}.Debug|Any CPU.ActiveCfg = Debug|Any CPU
		{2CC057B1-A06E-4287-A236-E5700B0B525F}.Debug|Any CPU.Build.0 = Debug|Any CPU
		{2CC057B1-A06E-4287-A236-E5700B0B525F}.Release|Any CPU.ActiveCfg = Release|Any CPU
		{2CC057B1-A06E-4287-A236-E5700B0B525F}.Release|Any CPU.Build.0 = Release|Any CPU
		{9A5FEDE4-6C0E-4077-A60E-02844DC99BFA}.Debug|Any CPU.ActiveCfg = Debug|Any CPU
		{9A5FEDE4-6C0E-4077-A60E-02844DC99BFA}.Debug|Any CPU.Build.0 = Debug|Any CPU
		{9A5FEDE4-6C0E-4077-A60E-02844DC99BFA}.Release|Any CPU.ActiveCfg = Release|Any CPU
		{9A5FEDE4-6C0E-4077-A60E-02844DC99BFA}.Release|Any CPU.Build.0 = Release|Any CPU
		{504F731E-F0A8-4B10-BCF7-F2E71E4DA0EC}.Debug|Any CPU.ActiveCfg = Debug|Any CPU
		{504F731E-F0A8-4B10-BCF7-F2E71E4DA0EC}.Debug|Any CPU.Build.0 = Debug|Any CPU
		{504F731E-F0A8-4B10-BCF7-F2E71E4DA0EC}.Release|Any CPU.ActiveCfg = Release|Any CPU
		{504F731E-F0A8-4B10-BCF7-F2E71E4DA0EC}.Release|Any CPU.Build.0 = Release|Any CPU
		{E3E61546-C87E-4225-A361-D8B04A5CB1A1}.Debug|Any CPU.ActiveCfg = Debug|Any CPU
		{E3E61546-C87E-4225-A361-D8B04A5CB1A1}.Debug|Any CPU.Build.0 = Debug|Any CPU
		{E3E61546-C87E-4225-A361-D8B04A5CB1A1}.Release|Any CPU.ActiveCfg = Release|Any CPU
		{E3E61546-C87E-4225-A361-D8B04A5CB1A1}.Release|Any CPU.Build.0 = Release|Any CPU
		{F6D0E1B0-36E7-4B56-9CB1-1089C4EA754B}.Debug|Any CPU.ActiveCfg = Debug|Any CPU
		{F6D0E1B0-36E7-4B56-9CB1-1089C4EA754B}.Debug|Any CPU.Build.0 = Debug|Any CPU
		{F6D0E1B0-36E7-4B56-9CB1-1089C4EA754B}.Release|Any CPU.ActiveCfg = Release|Any CPU
		{F6D0E1B0-36E7-4B56-9CB1-1089C4EA754B}.Release|Any CPU.Build.0 = Release|Any CPU
		{2DA2D6DD-00AC-4DF1-80D3-ACFE40601433}.Debug|Any CPU.ActiveCfg = Debug|Any CPU
		{2DA2D6DD-00AC-4DF1-80D3-ACFE40601433}.Debug|Any CPU.Build.0 = Debug|Any CPU
		{2DA2D6DD-00AC-4DF1-80D3-ACFE40601433}.Release|Any CPU.ActiveCfg = Release|Any CPU
		{2DA2D6DD-00AC-4DF1-80D3-ACFE40601433}.Release|Any CPU.Build.0 = Release|Any CPU
		{8A5ED60D-1781-422F-9355-5A05CD426D2D}.Debug|Any CPU.ActiveCfg = Debug|Any CPU
		{8A5ED60D-1781-422F-9355-5A05CD426D2D}.Debug|Any CPU.Build.0 = Debug|Any CPU
		{8A5ED60D-1781-422F-9355-5A05CD426D2D}.Release|Any CPU.ActiveCfg = Release|Any CPU
		{8A5ED60D-1781-422F-9355-5A05CD426D2D}.Release|Any CPU.Build.0 = Release|Any CPU
	EndGlobalSection
	GlobalSection(SolutionProperties) = preSolution
		HideSolutionNode = FALSE
	EndGlobalSection
	GlobalSection(NestedProjects) = preSolution
		{556C70D8-837C-4EEF-8C95-F57E1E5B38FD} = {F8311546-73D0-426D-927B-EAACE7B13E17}
		{53017A45-BA6F-4BE7-9F5F-A3FE6837A806} = {F8311546-73D0-426D-927B-EAACE7B13E17}
		{473D297A-80EC-40D2-A553-8D2ED6DEE5AE} = {F8311546-73D0-426D-927B-EAACE7B13E17}
		{6AEC5D2B-958F-4205-A9BF-BA598E302EA5} = {391D5796-78EA-4D64-BCE2-CEDBA536C432}
		{8044F38B-EB51-442F-87BE-E3AED9FC4566} = {391D5796-78EA-4D64-BCE2-CEDBA536C432}
		{59CE151A-E3B9-4E13-8535-CA050363B0B8} = {391D5796-78EA-4D64-BCE2-CEDBA536C432}
		{DE48105B-BD28-4748-BC0D-DF7D13451D26} = {D9B3062A-CF57-4EBD-B7E6-203E4204CDC3}
		{3C0D5753-AF13-4685-8864-CDDF12311DF0} = {D9B3062A-CF57-4EBD-B7E6-203E4204CDC3}
		{9E04711A-6F93-40CA-9B1F-C729B580AB86} = {D9B3062A-CF57-4EBD-B7E6-203E4204CDC3}
		{3A41327E-8797-4033-AE9B-087EF67F0862} = {797874CB-CCDE-4B9E-B5EF-007400F10F63}
		{2DD33672-BE20-4EC8-9B6D-C90C4794901A} = {797874CB-CCDE-4B9E-B5EF-007400F10F63}
		{2CC057B1-A06E-4287-A236-E5700B0B525F} = {797874CB-CCDE-4B9E-B5EF-007400F10F63}
		{9A5FEDE4-6C0E-4077-A60E-02844DC99BFA} = {F1490C46-F3D5-4670-AF1A-60FF4EF3D7FE}
		{504F731E-F0A8-4B10-BCF7-F2E71E4DA0EC} = {F1490C46-F3D5-4670-AF1A-60FF4EF3D7FE}
		{E3E61546-C87E-4225-A361-D8B04A5CB1A1} = {F1490C46-F3D5-4670-AF1A-60FF4EF3D7FE}
		{F6D0E1B0-36E7-4B56-9CB1-1089C4EA754B} = {21F6742A-C646-442F-8C1C-9B4A5631C743}
		{2DA2D6DD-00AC-4DF1-80D3-ACFE40601433} = {21F6742A-C646-442F-8C1C-9B4A5631C743}
		{8A5ED60D-1781-422F-9355-5A05CD426D2D} = {21F6742A-C646-442F-8C1C-9B4A5631C743}
	EndGlobalSection
	GlobalSection(ExtensibilityGlobals) = postSolution
		SolutionGuid = {EA86B278-10E8-47D6-8964-103C66DE50AB}
	EndGlobalSection
EndGlobal
